
Microsoft Visual Studio Solution File, Format Version 12.00
# Visual Studio Version 16
VisualStudioVersion = 16.0.29613.14
MinimumVisualStudioVersion = 10.0.40219.1
Project("{FAE04EC0-301F-11D3-BF4B-00C04F79EFBC}") = "QuarterlySales", "QuarterlySales\QuarterlySales.csproj", "{87A888A4-6D0B-419C-997E-133AF1434F60}"
EndProject
Global
	GlobalSection(SolutionConfigurationPlatforms) = preSolution
		Debug|Any CPU = Debug|Any CPU
		Release|Any CPU = Release|Any CPU
	EndGlobalSection
	GlobalSection(ProjectConfigurationPlatforms) = postSolution
		{87A888A4-6D0B-419C-997E-133AF1434F60}.Debug|Any CPU.ActiveCfg = Debug|Any CPU
		{87A888A4-6D0B-419C-997E-133AF1434F60}.Debug|Any CPU.Build.0 = Debug|Any CPU
		{87A888A4-6D0B-419C-997E-133AF1434F60}.Release|Any CPU.ActiveCfg = Release|Any CPU
		{87A888A4-6D0B-419C-997E-133AF1434F60}.Release|Any CPU.Build.0 = Release|Any CPU
	EndGlobalSection
	GlobalSection(SolutionProperties) = preSolution
		HideSolutionNode = FALSE
	EndGlobalSection
	GlobalSection(ExtensibilityGlobals) = postSolution
		SolutionGuid = {6AA80E83-E6E0-4147-A850-AD43A75BC9B9}
	EndGlobalSection
EndGlobal
