
Microsoft Visual Studio Solution File, Format Version 12.00
# Visual Studio Version 16
VisualStudioVersion = 16.0.29613.14
MinimumVisualStudioVersion = 10.0.40219.1
Project("{9A19103F-16F7-4668-BE54-9A1E7A4F7556}") = "ContactManager", "ContactManager\ContactManager.csproj", "{86DC6C24-DFAD-46C0-9A57-C6E09A30AB21}"
EndProject
Project("{FAE04EC0-301F-11D3-BF4B-00C04F79EFBC}") = "ContactManager.Text", "ContactManager.Text\ContactManager.Text.csproj", "{22B9EAB8-1A4D-47C1-8F25-9CF69F36FB1A}"
EndProject
Global
	GlobalSection(SolutionConfigurationPlatforms) = preSolution
		Debug|Any CPU = Debug|Any CPU
		Release|Any CPU = Release|Any CPU
	EndGlobalSection
	GlobalSection(ProjectConfigurationPlatforms) = postSolution
		{86DC6C24-DFAD-46C0-9A57-C6E09A30AB21}.Debug|Any CPU.ActiveCfg = Debug|Any CPU
		{86DC6C24-DFAD-46C0-9A57-C6E09A30AB21}.Debug|Any CPU.Build.0 = Debug|Any CPU
		{86DC6C24-DFAD-46C0-9A57-C6E09A30AB21}.Release|Any CPU.ActiveCfg = Release|Any CPU
		{86DC6C24-DFAD-46C0-9A57-C6E09A30AB21}.Release|Any CPU.Build.0 = Release|Any CPU
		{22B9EAB8-1A4D-47C1-8F25-9CF69F36FB1A}.Debug|Any CPU.ActiveCfg = Debug|Any CPU
		{22B9EAB8-1A4D-47C1-8F25-9CF69F36FB1A}.Debug|Any CPU.Build.0 = Debug|Any CPU
		{22B9EAB8-1A4D-47C1-8F25-9CF69F36FB1A}.Release|Any CPU.ActiveCfg = Release|Any CPU
		{22B9EAB8-1A4D-47C1-8F25-9CF69F36FB1A}.Release|Any CPU.Build.0 = Release|Any CPU
	EndGlobalSection
	GlobalSection(SolutionProperties) = preSolution
		HideSolutionNode = FALSE
	EndGlobalSection
	GlobalSection(ExtensibilityGlobals) = postSolution
		SolutionGuid = {2AB8A92F-30D5-4BB3-8D3F-33623D161BCF}
	EndGlobalSection
EndGlobal
